{
  "name": "the-civil-war",
  "version": "0.0.1",
  "lockfileVersion": 3,
  "requires": true,
  "packages": {
    "": {
      "name": "the-civil-war",
      "version": "0.0.1",
      "dependencies": {
        "three": "0.186.1",
        "three.quarks": "0.17.1",
        "yuka": "0.7.8",
        "zzfx": "1.4.0"
      },
      "devDependencies": {
        "@axe-core/playwright": "^4.13.0",
        "pixelmatch": "^7.2.0",
        "playwright": "^1.63.0",
        "pngjs": "^7.0.0"
      }
    },
    "node_modules/@axe-core/playwright": {
      "version": "4.13.0",
      "resolved": "https://registry.npmjs.org/@axe-core/playwright/-/playwright-4.13.0.tgz",
      "integrity": "sha512-6YLx+kxXu5GJceG4ozFg+33a2EMTdjYwWGloJ3sb9Kta5pp+ZNS53uxGVog5JetIY8s++P5UrtX+cri+u0VAVg==",
      "dev": true,
      "license": "MPL-2.0",
      "dependencies": {
        "axe-core": "~4.13.0"
      },
      "peerDependencies": {
        "playwright-core": ">= 1.0.0"
      }
    },
    "node_modules/axe-core": {
      "version": "4.13.0",
      "resolved": "https://registry.npmjs.org/axe-core/-/axe-core-4.13.0.tgz",
      "integrity": "sha512-UzGt8zg7Ny8djbYMhxl2zuEevVa7r2gJjYY5Lwr1xM7+XU2nd6CkIWFTVcCIbAP63vSz71NaVyyuSk9lHKcy0A==",
      "dev": true,
      "license": "MPL-2.0",
      "engines": {
        "node": ">=4"
      }
    },
    "node_modules/pixelmatch": {
      "version": "7.2.0",
      "resolved": "https://registry.npmjs.org/pixelmatch/-/pixelmatch-7.2.0.tgz",
      "integrity": "sha512-xhcb4yHu9sM/G7foGzoLtXYcC0zHEaOXXjRKhGup0fw78Nf2Tkiapv4EQyMzrbcmQPsllAI7DbFY2UT7PlI9Pg==",
      "dev": true,
      "license": "ISC",
      "dependencies": {
        "pngjs": "^7.0.0"
      },
      "bin": {
        "pixelmatch": "bin/pixelmatch"
      }
    },
    "node_modules/playwright": {
      "version": "1.63.0",
      "resolved": "https://registry.npmjs.org/playwright/-/playwright-1.63.0.tgz",
      "integrity": "sha512-+7ziBLidS4NaNCdt57SUDT+wYmmd5fmiQejUic/kb+YsYSCPyOOE9sebzMjNmQrsnNpDJqd4WHvV/8lfKfUDUg==",
      "dev": true,
      "license": "Apache-2.0",
      "dependencies": {
        "playwright-core": "1.63.0"
      },
      "bin": {
        "playwright": "cli.js"
      },
      "engines": {
        "node": ">=20"
      }
    },
    "node_modules/playwright-core": {
      "version": "1.63.0",
      "resolved": "https://registry.npmjs.org/playwright-core/-/playwright-core-1.63.0.tgz",
      "integrity": "sha512-rYCsBF/M5HjUch52bbtVONEFjv6Xu8sm8h72dNlR5bzIE1fvC/bxgspzkjSfU+MweEMmPM8KJebG6nnyxo5mCg==",
      "dev": true,
      "license": "Apache-2.0",
      "bin": {
        "playwright-core": "cli.js"
      },
      "engines": {
        "node": ">=20"
      }
    },
    "node_modules/pngjs": {
      "version": "7.0.0",
      "resolved": "https://registry.npmjs.org/pngjs/-/pngjs-7.0.0.tgz",
      "integrity": "sha512-LKWqWJRhstyYo9pGvgor/ivk2w94eSjE3RGVuzLGlr3NmD8bf7RcYGze1mNdEHRP6TRP6rMuDHk5t44hnTRyow==",
      "dev": true,
      "license": "MIT",
      "engines": {
        "node": ">=14.19.0"
      }
    },
    "node_modules/quarks.core": {
      "version": "0.17.1",
      "resolved": "https://registry.npmjs.org/quarks.core/-/quarks.core-0.17.1.tgz",
      "integrity": "sha512-WkY2Ipw/2uapCXRqA0UQm3U3SOh4TRIKYCVq2I8XolxF3wTLyC0c7XxIzZOYSpjkCDxqFTaM2+DZoRZom8NCdA==",
      "license": "MIT"
    },
    "node_modules/three": {
      "version": "0.186.1",
      "resolved": "https://registry.npmjs.org/three/-/three-0.186.1.tgz",
      "integrity": "sha512-blFeqb49wRCSGUGj7gtpfnSGHy2lwDk94RhUmS1c/hTby70kvChbWpkJ4Pm1390LqzzvTmzgXKHPEafJwCb8jA==",
      "license": "MIT"
    },
    "node_modules/three.quarks": {
      "version": "0.17.1",
      "resolved": "https://registry.npmjs.org/three.quarks/-/three.quarks-0.17.1.tgz",
      "integrity": "sha512-HiyORXkPZTfy7OBA/IRJqTcNxpo53yctgV3N8dSUG/jdisiVciDFGyf6hVnOLQDrIEmzU0yOtNFvzo+JHCjc7A==",
      "license": "MIT",
      "dependencies": {
        "quarks.core": "*"
      },
      "peerDependencies": {
        "three": ">=0.182.0"
      }
    },
    "node_modules/yuka": {
      "version": "0.7.8",
      "resolved": "https://registry.npmjs.org/yuka/-/yuka-0.7.8.tgz",
      "integrity": "sha512-G/pFcMZh2Azz7Yy500NSV1jQ0Ru7h9hTNyEW+HjRXcdzjJIyp/3mCGspnx7VJVP06zxORqK6mkl5TywLqVUnVg==",
      "license": "MIT"
    },
    "node_modules/zzfx": {
      "version": "1.4.0",
      "resolved": "https://registry.npmjs.org/zzfx/-/zzfx-1.4.0.tgz",
      "integrity": "sha512-yV/7JnIBPThWh/ZLVZLlmadms5bHQQeoWKKA+DafX4554FHypsop1BQrDHhsf2xxXweUmwjWrnpiB42uBGyGlQ==",
      "license": "MIT"
    }
  }
}
